
Microsoft Visual Studio Solution File, Format Version 12.00
# Visual Studio 14
VisualStudioVersion = 14.0.24720.0
MinimumVisualStudioVersion = 10.0.40219.1
Project("{F2A71F9B-5D33-465A-A702-920D77279786}") = "LouiesGuiAdventDashServer", "LouiesGuiAdventDash\LouiesGuiAdventDashServer.fsproj", "{302605AB-8A11-4AB7-9298-755C7D2E2627}"
EndProject
Project("{FAE04EC0-301F-11D3-BF4B-00C04F79EFBC}") = "LouiesGuiAdventDashClient", "LouiesGuiAdventDashClient\LouiesGuiAdventDashClient.csproj", "{FEA8D426-9644-4C66-9133-43EA1FBE8EE8}"
EndProject
Global
	GlobalSection(SolutionConfigurationPlatforms) = preSolution
		Debug|Any CPU = Debug|Any CPU
		Release|Any CPU = Release|Any CPU
	EndGlobalSection
	GlobalSection(ProjectConfigurationPlatforms) = postSolution
		{302605AB-8A11-4AB7-9298-755C7D2E2627}.Debug|Any CPU.ActiveCfg = Debug|Any CPU
		{302605AB-8A11-4AB7-9298-755C7D2E2627}.Debug|Any CPU.Build.0 = Debug|Any CPU
		{302605AB-8A11-4AB7-9298-755C7D2E2627}.Release|Any CPU.ActiveCfg = Release|Any CPU
		{302605AB-8A11-4AB7-9298-755C7D2E2627}.Release|Any CPU.Build.0 = Release|Any CPU
		{FEA8D426-9644-4C66-9133-43EA1FBE8EE8}.Debug|Any CPU.ActiveCfg = Debug|Any CPU
		{FEA8D426-9644-4C66-9133-43EA1FBE8EE8}.Debug|Any CPU.Build.0 = Debug|Any CPU
		{FEA8D426-9644-4C66-9133-43EA1FBE8EE8}.Release|Any CPU.ActiveCfg = Release|Any CPU
		{FEA8D426-9644-4C66-9133-43EA1FBE8EE8}.Release|Any CPU.Build.0 = Release|Any CPU
	EndGlobalSection
	GlobalSection(SolutionProperties) = preSolution
		HideSolutionNode = FALSE
	EndGlobalSection
EndGlobal
